{
    "_readme": [
        "This file locks the dependencies of your project to a known state",
        "Read more about it at https://getcomposer.org/doc/01-basic-usage.md#installing-dependencies",
        "This file is @generated automatically"
    ],
    "content-hash": "86a282689ef9ea86f2930691c1d6eae1",
    "packages": [
        {
            "name": "spatie/schema-org",
            "version": "2.0.3",
            "source": {
                "type": "git",
                "url": "https://github.com/spatie/schema-org.git",
                "reference": "f53437500f203e9d5f155c243661080e24a13bef"
            },
            "dist": {
                "type": "zip",
                "url": "https://api.github.com/repos/spatie/schema-org/zipball/f53437500f203e9d5f155c243661080e24a13bef",
                "reference": "f53437500f203e9d5f155c243661080e24a13bef",
                "shasum": ""
            },
            "require": {
                "php": "^7.0"
            },
            "require-dev": {
                "graham-campbell/analyzer": "^1.1",
                "larapack/dd": "^1.1",
                "league/flysystem": "^1.0",
                "phpunit/phpunit": "^6.0",
                "scrutinizer/ocular": "^1.5",
                "symfony/console": "^3.2",
                "symfony/css-selector": "^3.2",
                "symfony/dom-crawler": "^3.2",
                "twig/twig": "^1.28"
            },
            "type": "library",
            "autoload": {
                "psr-4": {
                    "Spatie\\SchemaOrg\\": "src"
                }
            },
            "notification-url": "https://packagist.org/downloads/",
            "license": [
                "MIT"
            ],
            "authors": [
                {
                    "name": "Sebastian De Deyne",
                    "email": "sebastian@spatie.be",
                    "homepage": "https://spatie.be",
                    "role": "Developer"
                }
            ],
            "description": "A fluent builder Schema.org types and ld+json generator",
            "homepage": "https://github.com/spatie/schema-org",
            "keywords": [
                "schema-org",
                "spatie"
            ],
            "time": "2018-10-17T22:50:30+00:00"
        }
    ],
    "packages-dev": [],
    "aliases": [],
    "minimum-stability": "stable",
    "stability-flags": [],
    "prefer-stable": false,
    "prefer-lowest": false,
    "platform": [],
    "platform-dev": []
}
